<?xml version="1.0" encoding="utf-8"?>
<Project ToolsVersion="4.0" xmlns="http://schemas.microsoft.com/developer/msbuild/2003">
  <ItemGroup>
    <Filter Include="Исходные файлы">
      <UniqueIdentifier>{4FC737F1-C7A5-4376-A066-2A32D752A2FF}</UniqueIdentifier>
      <Extensions>cpp;c;cc;cxx;c++;cppm;ixx;def;odl;idl;hpj;bat;asm;asmx</Extensions>
    </Filter>
    <Filter Include="Файлы заголовков">
      <UniqueIdentifier>{93995380-89BD-4b04-88EB-625FBE52EBFB}</UniqueIdentifier>
      <Extensions>h;hh;hpp;hxx;h++;hm;inl;inc;ipp;xsd</Extensions>
    </Filter>
    <Filter Include="Файлы ресурсов">
      <UniqueIdentifier>{67DA6AB6-F800-4c08-8B7A-83BB121AAD01}</UniqueIdentifier>
      <Extensions>rc;ico;cur;bmp;dlg;rc2;rct;bin;rgs;gif;jpg;jpeg;jpe;resx;tiff;tif;png;wav;mfcribbon-ms</Extensions>
    </Filter>
  </ItemGroup>
  <ItemGroup>
    <ClCompile Include="govno.cpp">
      <Filter>Исходные файлы</Filter>
    </ClCompile>
    <ClCompile Include="xr_ogf.cxx">
      <Filter>Исходные файлы</Filter>
    </ClCompile>
    <ClCompile Include="xr_ogf_v3.cxx">
      <Filter>Исходные файлы</Filter>
    </ClCompile>
    <ClCompile Include="xr_ogf_v4.cxx">
      <Filter>Исходные файлы</Filter>
    </ClCompile>
    <ClCompile Include="xr_geom_buf.cxx">
      <Filter>Исходные файлы</Filter>
    </ClCompile>
    <ClCompile Include="xr_mesh.cxx">
      <Filter>Исходные файлы</Filter>
    </ClCompile>
    <ClCompile Include="xr_mesh_vbuf.cxx">
      <Filter>Исходные файлы</Filter>
    </ClCompile>
    <ClCompile Include="xr_object.cxx">
      <Filter>Исходные файлы</Filter>
    </ClCompile>
    <ClCompile Include="xr_ai_cross_table.cxx">
      <Filter>Исходные файлы</Filter>
    </ClCompile>
    <ClCompile Include="xr_ai_graph.cxx">
      <Filter>Исходные файлы</Filter>
    </ClCompile>
    <ClCompile Include="xr_ai_way.cxx">
      <Filter>Исходные файлы</Filter>
    </ClCompile>
    <ClCompile Include="xr_blender.cxx">
      <Filter>Исходные файлы</Filter>
    </ClCompile>
    <ClCompile Include="xr_bone.cxx">
      <Filter>Исходные файлы</Filter>
    </ClCompile>
    <ClCompile Include="xr_build_err.cxx">
      <Filter>Исходные файлы</Filter>
    </ClCompile>
    <ClCompile Include="xr_build_lights.cxx">
      <Filter>Исходные файлы</Filter>
    </ClCompile>
    <ClCompile Include="xr_cform.cxx">
      <Filter>Исходные файлы</Filter>
    </ClCompile>
    <ClCompile Include="xr_cl_parser.cxx">
      <Filter>Исходные файлы</Filter>
    </ClCompile>
    <ClCompile Include="xr_clsid.cxx">
      <Filter>Исходные файлы</Filter>
    </ClCompile>
    <ClCompile Include="xr_d3d_light.cxx">
      <Filter>Исходные файлы</Filter>
    </ClCompile>
    <ClCompile Include="xr_details.cxx">
      <Filter>Исходные файлы</Filter>
    </ClCompile>
    <ClCompile Include="xr_dm.cxx">
      <Filter>Исходные файлы</Filter>
    </ClCompile>
    <ClCompile Include="xr_entity.cxx">
      <Filter>Исходные файлы</Filter>
    </ClCompile>
    <ClCompile Include="xr_entity_factory.cxx">
      <Filter>Исходные файлы</Filter>
    </ClCompile>
    <ClCompile Include="xr_entity_la.cxx">
      <Filter>Исходные файлы</Filter>
    </ClCompile>
    <ClCompile Include="xr_entity_script.cxx">
      <Filter>Исходные файлы</Filter>
    </ClCompile>
    <ClCompile Include="xr_entity_zenobian.cxx">
      <Filter>Исходные файлы</Filter>
    </ClCompile>
    <ClCompile Include="xr_envelope.cxx">
      <Filter>Исходные файлы</Filter>
    </ClCompile>
    <ClCompile Include="xr_envelope_eval.cxx">
      <Filter>Исходные файлы</Filter>
    </ClCompile>
    <ClCompile Include="xr_file_system.cxx">
      <Filter>Исходные файлы</Filter>
    </ClCompile>
    <ClCompile Include="xr_file_system_posix.cxx">
      <Filter>Исходные файлы</Filter>
    </ClCompile>
    <ClCompile Include="xr_file_system_win32.cxx">
      <Filter>Исходные файлы</Filter>
    </ClCompile>
    <ClCompile Include="xr_game_graph.cxx">
      <Filter>Исходные файлы</Filter>
    </ClCompile>
    <ClCompile Include="xr_game_spawn.cxx">
      <Filter>Исходные файлы</Filter>
    </ClCompile>
    <ClCompile Include="xr_gamemtls_lib.cxx">
      <Filter>Исходные файлы</Filter>
    </ClCompile>
    <ClCompile Include="xr_guid.cxx">
      <Filter>Исходные файлы</Filter>
    </ClCompile>
    <ClCompile Include="xr_image.cxx">
      <Filter>Исходные файлы</Filter>
    </ClCompile>
    <ClCompile Include="xr_image_bmp.cxx">
      <Filter>Исходные файлы</Filter>
    </ClCompile>
    <ClCompile Include="xr_image_dds.cxx">
      <Filter>Исходные файлы</Filter>
    </ClCompile>
    <ClCompile Include="xr_image_tga.cxx">
      <Filter>Исходные файлы</Filter>
    </ClCompile>
    <ClCompile Include="xr_influence.cxx">
      <Filter>Исходные файлы</Filter>
    </ClCompile>
    <ClCompile Include="xr_ini_file.cxx">
      <Filter>Исходные файлы</Filter>
    </ClCompile>
    <ClCompile Include="xr_level.cxx">
      <Filter>Исходные файлы</Filter>
    </ClCompile>
    <ClCompile Include="xr_level_ai.cxx">
      <Filter>Исходные файлы</Filter>
    </ClCompile>
    <ClCompile Include="xr_level_cform.cxx">
      <Filter>Исходные файлы</Filter>
    </ClCompile>
    <ClCompile Include="xr_level_details.cxx">
      <Filter>Исходные файлы</Filter>
    </ClCompile>
    <ClCompile Include="xr_level_dm.cxx">
      <Filter>Исходные файлы</Filter>
    </ClCompile>
    <ClCompile Include="xr_level_env_mod.cxx">
      <Filter>Исходные файлы</Filter>
    </ClCompile>
    <ClCompile Include="xr_level_fog_vol.cxx">
      <Filter>Исходные файлы</Filter>
    </ClCompile>
    <ClCompile Include="xr_level_game.cxx">
      <Filter>Исходные файлы</Filter>
    </ClCompile>
    <ClCompile Include="xr_level_gct.cxx">
      <Filter>Исходные файлы</Filter>
    </ClCompile>
    <ClCompile Include="xr_level_gct_v9.cxx">
      <Filter>Исходные файлы</Filter>
    </ClCompile>
    <ClCompile Include="xr_level_geom.cxx">
      <Filter>Исходные файлы</Filter>
    </ClCompile>
    <ClCompile Include="xr_level_glows.cxx">
      <Filter>Исходные файлы</Filter>
    </ClCompile>
    <ClCompile Include="xr_level_graph.cxx">
      <Filter>Исходные файлы</Filter>
    </ClCompile>
    <ClCompile Include="xr_level_hom.cxx">
      <Filter>Исходные файлы</Filter>
    </ClCompile>
    <ClCompile Include="xr_level_lights.cxx">
      <Filter>Исходные файлы</Filter>
    </ClCompile>
    <ClCompile Include="xr_level_ltx.cxx">
      <Filter>Исходные файлы</Filter>
    </ClCompile>
    <ClCompile Include="xr_level_portals.cxx">
      <Filter>Исходные файлы</Filter>
    </ClCompile>
    <ClCompile Include="xr_level_ps_static.cxx">
      <Filter>Исходные файлы</Filter>
    </ClCompile>
    <ClCompile Include="xr_level_sectors.cxx">
      <Filter>Исходные файлы</Filter>
    </ClCompile>
    <ClCompile Include="xr_level_shaders.cxx">
      <Filter>Исходные файлы</Filter>
    </ClCompile>
    <ClCompile Include="xr_level_snd_env.cxx">
      <Filter>Исходные файлы</Filter>
    </ClCompile>
    <ClCompile Include="xr_level_snd_static.cxx">
      <Filter>Исходные файлы</Filter>
    </ClCompile>
    <ClCompile Include="xr_level_som.cxx">
      <Filter>Исходные файлы</Filter>
    </ClCompile>
    <ClCompile Include="xr_level_spawn.cxx">
      <Filter>Исходные файлы</Filter>
    </ClCompile>
    <ClCompile Include="xr_level_visuals.cxx">
      <Filter>Исходные файлы</Filter>
    </ClCompile>
    <ClCompile Include="xr_level_wallmarks.cxx">
      <Filter>Исходные файлы</Filter>
    </ClCompile>
    <ClCompile Include="xr_log.cxx">
      <Filter>Исходные файлы</Filter>
    </ClCompile>
    <ClCompile Include="xr_lzhuf.cxx">
      <Filter>Исходные файлы</Filter>
    </ClCompile>
    <ClCompile Include="xr_matrix.cxx">
      <Filter>Исходные файлы</Filter>
    </ClCompile>
    <ClCompile Include="xr_mesh_builder.cxx">
      <Filter>Исходные файлы</Filter>
    </ClCompile>
    <ClCompile Include="xr_motion.cxx">
      <Filter>Исходные файлы</Filter>
    </ClCompile>
    <ClCompile Include="xr_name_gen.cxx">
      <Filter>Исходные файлы</Filter>
    </ClCompile>
    <ClCompile Include="xr_obj_motion.cxx">
      <Filter>Исходные файлы</Filter>
    </ClCompile>
    <ClCompile Include="xr_packet.cxx">
      <Filter>Исходные файлы</Filter>
    </ClCompile>
    <ClCompile Include="xr_quaternion.cxx">
      <Filter>Исходные файлы</Filter>
    </ClCompile>
    <ClCompile Include="xr_reader.cxx">
      <Filter>Исходные файлы</Filter>
    </ClCompile>
    <ClCompile Include="xr_reader_scrambler.cxx">
      <Filter>Исходные файлы</Filter>
    </ClCompile>
    <ClCompile Include="xr_scene.cxx">
      <Filter>Исходные файлы</Filter>
    </ClCompile>
    <ClCompile Include="xr_scene_ai_map.cxx">
      <Filter>Исходные файлы</Filter>
    </ClCompile>
    <ClCompile Include="xr_scene_details.cxx">
      <Filter>Исходные файлы</Filter>
    </ClCompile>
    <ClCompile Include="xr_scene_glows.cxx">
      <Filter>Исходные файлы</Filter>
    </ClCompile>
    <ClCompile Include="xr_scene_groups.cxx">
      <Filter>Исходные файлы</Filter>
    </ClCompile>
    <ClCompile Include="xr_scene_lights.cxx">
      <Filter>Исходные файлы</Filter>
    </ClCompile>
    <ClCompile Include="xr_scene_objects.cxx">
      <Filter>Исходные файлы</Filter>
    </ClCompile>
    <ClCompile Include="xr_scene_part.cxx">
      <Filter>Исходные файлы</Filter>
    </ClCompile>
    <ClCompile Include="xr_scene_particles.cxx">
      <Filter>Исходные файлы</Filter>
    </ClCompile>
    <ClCompile Include="xr_scene_portals.cxx">
      <Filter>Исходные файлы</Filter>
    </ClCompile>
    <ClCompile Include="xr_scene_revision.cxx">
      <Filter>Исходные файлы</Filter>
    </ClCompile>
    <ClCompile Include="xr_scene_sectors.cxx">
      <Filter>Исходные файлы</Filter>
    </ClCompile>
    <ClCompile Include="xr_scene_shapes.cxx">
      <Filter>Исходные файлы</Filter>
    </ClCompile>
    <ClCompile Include="xr_scene_sound_envs.cxx">
      <Filter>Исходные файлы</Filter>
    </ClCompile>
    <ClCompile Include="xr_scene_sound_srcs.cxx">
      <Filter>Исходные файлы</Filter>
    </ClCompile>
    <ClCompile Include="xr_scene_spawns.cxx">
      <Filter>Исходные файлы</Filter>
    </ClCompile>
    <ClCompile Include="xr_scene_visuals.cxx">
      <Filter>Исходные файлы</Filter>
    </ClCompile>
    <ClCompile Include="xr_scene_wallmarks.cxx">
      <Filter>Исходные файлы</Filter>
    </ClCompile>
    <ClCompile Include="xr_scene_ways.cxx">
      <Filter>Исходные файлы</Filter>
    </ClCompile>
    <ClCompile Include="xr_scrambler.cxx">
      <Filter>Исходные файлы</Filter>
    </ClCompile>
    <ClCompile Include="xr_shaders_lib.cxx">
      <Filter>Исходные файлы</Filter>
    </ClCompile>
    <ClCompile Include="xr_shaders_xrlc_lib.cxx">
      <Filter>Исходные файлы</Filter>
    </ClCompile>
    <ClCompile Include="xr_skeleton.cxx">
      <Filter>Исходные файлы</Filter>
    </ClCompile>
    <ClCompile Include="xr_skl_motion.cxx">
      <Filter>Исходные файлы</Filter>
    </ClCompile>
    <ClCompile Include="xr_sound_thumbnail.cxx">
      <Filter>Исходные файлы</Filter>
    </ClCompile>
    <ClCompile Include="xr_surface.cxx">
      <Filter>Исходные файлы</Filter>
    </ClCompile>
    <ClCompile Include="xr_texture_thumbnail.cxx">
      <Filter>Исходные файлы</Filter>
    </ClCompile>
    <ClCompile Include="xr_vector3.cxx">
      <Filter>Исходные файлы</Filter>
    </ClCompile>
    <ClCompile Include="xr_writer.cxx">
      <Filter>Исходные файлы</Filter>
    </ClCompile>
  </ItemGroup>
  <ItemGroup>
    <ClInclude Include="xr_ogf.h">
      <Filter>Файлы заголовков</Filter>
    </ClInclude>
    <ClInclude Include="xr_ogf_format.h">
      <Filter>Файлы заголовков</Filter>
    </ClInclude>
    <ClInclude Include="xr_ogf_v3.h">
      <Filter>Файлы заголовков</Filter>
    </ClInclude>
    <ClInclude Include="xr_ogf_v4.h">
      <Filter>Файлы заголовков</Filter>
    </ClInclude>
    <ClInclude Include="xr_geom_buf.h">
      <Filter>Файлы заголовков</Filter>
    </ClInclude>
    <ClInclude Include="xr_mesh.h">
      <Filter>Файлы заголовков</Filter>
    </ClInclude>
    <ClInclude Include="xr_mesh_utils.h">
      <Filter>Файлы заголовков</Filter>
    </ClInclude>
    <ClInclude Include="xr_mesh_vbuf.h">
      <Filter>Файлы заголовков</Filter>
    </ClInclude>
    <ClInclude Include="xr_object.h">
      <Filter>Файлы заголовков</Filter>
    </ClInclude>
    <ClInclude Include="xr_object_format.h">
      <Filter>Файлы заголовков</Filter>
    </ClInclude>
    <ClInclude Include="xr_aabb.h">
      <Filter>Файлы заголовков</Filter>
    </ClInclude>
    <ClInclude Include="xr_ai_cross_table.h">
      <Filter>Файлы заголовков</Filter>
    </ClInclude>
    <ClInclude Include="xr_ai_graph.h">
      <Filter>Файлы заголовков</Filter>
    </ClInclude>
    <ClInclude Include="xr_ai_map.h">
      <Filter>Файлы заголовков</Filter>
    </ClInclude>
    <ClInclude Include="xr_ai_version.h">
      <Filter>Файлы заголовков</Filter>
    </ClInclude>
    <ClInclude Include="xr_ai_way.h">
      <Filter>Файлы заголовков</Filter>
    </ClInclude>
    <ClInclude Include="xr_blender.h">
      <Filter>Файлы заголовков</Filter>
    </ClInclude>
    <ClInclude Include="xr_bone.h">
      <Filter>Файлы заголовков</Filter>
    </ClInclude>
    <ClInclude Include="xr_build_err.h">
      <Filter>Файлы заголовков</Filter>
    </ClInclude>
    <ClInclude Include="xr_build_lights.h">
      <Filter>Файлы заголовков</Filter>
    </ClInclude>
    <ClInclude Include="xr_cform.h">
      <Filter>Файлы заголовков</Filter>
    </ClInclude>
    <ClInclude Include="xr_cl_parser.h">
      <Filter>Файлы заголовков</Filter>
    </ClInclude>
    <ClInclude Include="xr_clsid.h">
      <Filter>Файлы заголовков</Filter>
    </ClInclude>
    <ClInclude Include="xr_color.h">
      <Filter>Файлы заголовков</Filter>
    </ClInclude>
    <ClInclude Include="xr_cylinder.h">
      <Filter>Файлы заголовков</Filter>
    </ClInclude>
    <ClInclude Include="xr_d3d_light.h">
      <Filter>Файлы заголовков</Filter>
    </ClInclude>
    <ClInclude Include="xr_details.h">
      <Filter>Файлы заголовков</Filter>
    </ClInclude>
    <ClInclude Include="xr_dm.h">
      <Filter>Файлы заголовков</Filter>
    </ClInclude>
    <ClInclude Include="xr_entity.h">
      <Filter>Файлы заголовков</Filter>
    </ClInclude>
    <ClInclude Include="xr_entity_factory.h">
      <Filter>Файлы заголовков</Filter>
    </ClInclude>
    <ClInclude Include="xr_entity_la.h">
      <Filter>Файлы заголовков</Filter>
    </ClInclude>
    <ClInclude Include="xr_entity_script.h">
      <Filter>Файлы заголовков</Filter>
    </ClInclude>
    <ClInclude Include="xr_entity_zenobian.h">
      <Filter>Файлы заголовков</Filter>
    </ClInclude>
    <ClInclude Include="xr_envelope.h">
      <Filter>Файлы заголовков</Filter>
    </ClInclude>
    <ClInclude Include="xr_file_system.h">
      <Filter>Файлы заголовков</Filter>
    </ClInclude>
    <ClInclude Include="xr_file_system_posix.h">
      <Filter>Файлы заголовков</Filter>
    </ClInclude>
    <ClInclude Include="xr_file_system_win32.h">
      <Filter>Файлы заголовков</Filter>
    </ClInclude>
    <ClInclude Include="xr_fixed_vector.h">
      <Filter>Файлы заголовков</Filter>
    </ClInclude>
    <ClInclude Include="xr_game_graph.h">
      <Filter>Файлы заголовков</Filter>
    </ClInclude>
    <ClInclude Include="xr_game_spawn.h">
      <Filter>Файлы заголовков</Filter>
    </ClInclude>
    <ClInclude Include="xr_gamemtls_lib.h">
      <Filter>Файлы заголовков</Filter>
    </ClInclude>
    <ClInclude Include="xr_guid.h">
      <Filter>Файлы заголовков</Filter>
    </ClInclude>
    <ClInclude Include="xr_image.h">
      <Filter>Файлы заголовков</Filter>
    </ClInclude>
    <ClInclude Include="xr_influence.h">
      <Filter>Файлы заголовков</Filter>
    </ClInclude>
    <ClInclude Include="xr_ini_file.h">
      <Filter>Файлы заголовков</Filter>
    </ClInclude>
    <ClInclude Include="xr_level.h">
      <Filter>Файлы заголовков</Filter>
    </ClInclude>
    <ClInclude Include="xr_level_ai.h">
      <Filter>Файлы заголовков</Filter>
    </ClInclude>
    <ClInclude Include="xr_level_cform.h">
      <Filter>Файлы заголовков</Filter>
    </ClInclude>
    <ClInclude Include="xr_level_details.h">
      <Filter>Файлы заголовков</Filter>
    </ClInclude>
    <ClInclude Include="xr_level_dm.h">
      <Filter>Файлы заголовков</Filter>
    </ClInclude>
    <ClInclude Include="xr_level_env_mod.h">
      <Filter>Файлы заголовков</Filter>
    </ClInclude>
    <ClInclude Include="xr_level_fog_vol.h">
      <Filter>Файлы заголовков</Filter>
    </ClInclude>
    <ClInclude Include="xr_level_game.h">
      <Filter>Файлы заголовков</Filter>
    </ClInclude>
    <ClInclude Include="xr_level_gct.h">
      <Filter>Файлы заголовков</Filter>
    </ClInclude>
    <ClInclude Include="xr_level_geom.h">
      <Filter>Файлы заголовков</Filter>
    </ClInclude>
    <ClInclude Include="xr_level_glows.h">
      <Filter>Файлы заголовков</Filter>
    </ClInclude>
    <ClInclude Include="xr_level_graph.h">
      <Filter>Файлы заголовков</Filter>
    </ClInclude>
    <ClInclude Include="xr_level_hom.h">
      <Filter>Файлы заголовков</Filter>
    </ClInclude>
    <ClInclude Include="xr_level_lights.h">
      <Filter>Файлы заголовков</Filter>
    </ClInclude>
    <ClInclude Include="xr_level_ltx.h">
      <Filter>Файлы заголовков</Filter>
    </ClInclude>
    <ClInclude Include="xr_level_portals.h">
      <Filter>Файлы заголовков</Filter>
    </ClInclude>
    <ClInclude Include="xr_level_ps_static.h">
      <Filter>Файлы заголовков</Filter>
    </ClInclude>
    <ClInclude Include="xr_level_sectors.h">
      <Filter>Файлы заголовков</Filter>
    </ClInclude>
    <ClInclude Include="xr_level_shaders.h">
      <Filter>Файлы заголовков</Filter>
    </ClInclude>
    <ClInclude Include="xr_level_snd_env.h">
      <Filter>Файлы заголовков</Filter>
    </ClInclude>
    <ClInclude Include="xr_level_snd_static.h">
      <Filter>Файлы заголовков</Filter>
    </ClInclude>
    <ClInclude Include="xr_level_som.h">
      <Filter>Файлы заголовков</Filter>
    </ClInclude>
    <ClInclude Include="xr_level_spawn.h">
      <Filter>Файлы заголовков</Filter>
    </ClInclude>
    <ClInclude Include="xr_level_version.h">
      <Filter>Файлы заголовков</Filter>
    </ClInclude>
    <ClInclude Include="xr_level_visuals.h">
      <Filter>Файлы заголовков</Filter>
    </ClInclude>
    <ClInclude Include="xr_level_wallmarks.h">
      <Filter>Файлы заголовков</Filter>
    </ClInclude>
    <ClInclude Include="xr_limits.h">
      <Filter>Файлы заголовков</Filter>
    </ClInclude>
    <ClInclude Include="xr_log.h">
      <Filter>Файлы заголовков</Filter>
    </ClInclude>
    <ClInclude Include="xr_lzhuf.h">
      <Filter>Файлы заголовков</Filter>
    </ClInclude>
    <ClInclude Include="xr_math.h">
      <Filter>Файлы заголовков</Filter>
    </ClInclude>
    <ClInclude Include="xr_matrix.h">
      <Filter>Файлы заголовков</Filter>
    </ClInclude>
    <ClInclude Include="xr_mesh_builder.h">
      <Filter>Файлы заголовков</Filter>
    </ClInclude>
    <ClInclude Include="xr_motion.h">
      <Filter>Файлы заголовков</Filter>
    </ClInclude>
    <ClInclude Include="xr_name_gen.h">
      <Filter>Файлы заголовков</Filter>
    </ClInclude>
    <ClInclude Include="xr_obb.h">
      <Filter>Файлы заголовков</Filter>
    </ClInclude>
    <ClInclude Include="xr_obj_motion.h">
      <Filter>Файлы заголовков</Filter>
    </ClInclude>
    <ClInclude Include="xr_packet.h">
      <Filter>Файлы заголовков</Filter>
    </ClInclude>
    <ClInclude Include="xr_plane.h">
      <Filter>Файлы заголовков</Filter>
    </ClInclude>
    <ClInclude Include="xr_quaternion.h">
      <Filter>Файлы заголовков</Filter>
    </ClInclude>
    <ClInclude Include="xr_reader.h">
      <Filter>Файлы заголовков</Filter>
    </ClInclude>
    <ClInclude Include="xr_rect.h">
      <Filter>Файлы заголовков</Filter>
    </ClInclude>
    <ClInclude Include="xr_remapper.h">
      <Filter>Файлы заголовков</Filter>
    </ClInclude>
    <ClInclude Include="xr_scene.h">
      <Filter>Файлы заголовков</Filter>
    </ClInclude>
    <ClInclude Include="xr_scene_ai_map.h">
      <Filter>Файлы заголовков</Filter>
    </ClInclude>
    <ClInclude Include="xr_scene_common.h">
      <Filter>Файлы заголовков</Filter>
    </ClInclude>
    <ClInclude Include="xr_scene_details.h">
      <Filter>Файлы заголовков</Filter>
    </ClInclude>
    <ClInclude Include="xr_scene_glows.h">
      <Filter>Файлы заголовков</Filter>
    </ClInclude>
    <ClInclude Include="xr_scene_groups.h">
      <Filter>Файлы заголовков</Filter>
    </ClInclude>
    <ClInclude Include="xr_scene_lights.h">
      <Filter>Файлы заголовков</Filter>
    </ClInclude>
    <ClInclude Include="xr_scene_objects.h">
      <Filter>Файлы заголовков</Filter>
    </ClInclude>
    <ClInclude Include="xr_scene_part.h">
      <Filter>Файлы заголовков</Filter>
    </ClInclude>
    <ClInclude Include="xr_scene_particles.h">
      <Filter>Файлы заголовков</Filter>
    </ClInclude>
    <ClInclude Include="xr_scene_portals.h">
      <Filter>Файлы заголовков</Filter>
    </ClInclude>
    <ClInclude Include="xr_scene_revision.h">
      <Filter>Файлы заголовков</Filter>
    </ClInclude>
    <ClInclude Include="xr_scene_sectors.h">
      <Filter>Файлы заголовков</Filter>
    </ClInclude>
    <ClInclude Include="xr_scene_shapes.h">
      <Filter>Файлы заголовков</Filter>
    </ClInclude>
    <ClInclude Include="xr_scene_sound_envs.h">
      <Filter>Файлы заголовков</Filter>
    </ClInclude>
    <ClInclude Include="xr_scene_sound_srcs.h">
      <Filter>Файлы заголовков</Filter>
    </ClInclude>
    <ClInclude Include="xr_scene_spawns.h">
      <Filter>Файлы заголовков</Filter>
    </ClInclude>
    <ClInclude Include="xr_scene_visuals.h">
      <Filter>Файлы заголовков</Filter>
    </ClInclude>
    <ClInclude Include="xr_scene_wallmarks.h">
      <Filter>Файлы заголовков</Filter>
    </ClInclude>
    <ClInclude Include="xr_scene_ways.h">
      <Filter>Файлы заголовков</Filter>
    </ClInclude>
    <ClInclude Include="xr_scrambler.h">
      <Filter>Файлы заголовков</Filter>
    </ClInclude>
    <ClInclude Include="xr_sdk_version.h">
      <Filter>Файлы заголовков</Filter>
    </ClInclude>
    <ClInclude Include="xr_shaders_lib.h">
      <Filter>Файлы заголовков</Filter>
    </ClInclude>
    <ClInclude Include="xr_shaders_xrlc_lib.h">
      <Filter>Файлы заголовков</Filter>
    </ClInclude>
    <ClInclude Include="xr_shape.h">
      <Filter>Файлы заголовков</Filter>
    </ClInclude>
    <ClInclude Include="xr_skeleton.h">
      <Filter>Файлы заголовков</Filter>
    </ClInclude>
    <ClInclude Include="xr_skl_motion.h">
      <Filter>Файлы заголовков</Filter>
    </ClInclude>
    <ClInclude Include="xr_sound_thumbnail.h">
      <Filter>Файлы заголовков</Filter>
    </ClInclude>
    <ClInclude Include="xr_sphere.h">
      <Filter>Файлы заголовков</Filter>
    </ClInclude>
    <ClInclude Include="xr_string_utils.h">
      <Filter>Файлы заголовков</Filter>
    </ClInclude>
    <ClInclude Include="xr_surface.h">
      <Filter>Файлы заголовков</Filter>
    </ClInclude>
    <ClInclude Include="xr_surface_factory.h">
      <Filter>Файлы заголовков</Filter>
    </ClInclude>
    <ClInclude Include="xr_texture_thumbnail.h">
      <Filter>Файлы заголовков</Filter>
    </ClInclude>
    <ClInclude Include="xr_thumbnail.h">
      <Filter>Файлы заголовков</Filter>
    </ClInclude>
    <ClInclude Include="xr_types.h">
      <Filter>Файлы заголовков</Filter>
    </ClInclude>
    <ClInclude Include="xr_utils.h">
      <Filter>Файлы заголовков</Filter>
    </ClInclude>
    <ClInclude Include="xr_vector2.h">
      <Filter>Файлы заголовков</Filter>
    </ClInclude>
    <ClInclude Include="xr_vector3.h">
      <Filter>Файлы заголовков</Filter>
    </ClInclude>
    <ClInclude Include="xr_vector4.h">
      <Filter>Файлы заголовков</Filter>
    </ClInclude>
    <ClInclude Include="xr_wallmarks.h">
      <Filter>Файлы заголовков</Filter>
    </ClInclude>
    <ClInclude Include="xr_writer.h">
      <Filter>Файлы заголовков</Filter>
    </ClInclude>
  </ItemGroup>
</Project>