
Microsoft Visual Studio Solution File, Format Version 11.00
# Visual Studio 2010
Project("{FAE04EC0-301F-11D3-BF4B-00C04F79EFBC}") = "Assembly-CSharp", "Assembly-CSharp.csproj", "{a1555f30-740d-1ddf-2418-dfad92241f7b}"
EndProject
Project("{FAE04EC0-301F-11D3-BF4B-00C04F79EFBC}") = "Assembly-CSharp-Editor", "Assembly-CSharp-Editor.csproj", "{32c8ecef-872f-86eb-8636-ef6db4ef57f7}"
EndProject
Global
	GlobalSection(SolutionConfigurationPlatforms) = preSolution
		Debug|Any CPU = Debug|Any CPU
	EndGlobalSection
	GlobalSection(ProjectConfigurationPlatforms) = postSolution
		{a1555f30-740d-1ddf-2418-dfad92241f7b}.Debug|Any CPU.ActiveCfg = Debug|Any CPU
		{a1555f30-740d-1ddf-2418-dfad92241f7b}.Debug|Any CPU.Build.0 = Debug|Any CPU
		{32c8ecef-872f-86eb-8636-ef6db4ef57f7}.Debug|Any CPU.ActiveCfg = Debug|Any CPU
		{32c8ecef-872f-86eb-8636-ef6db4ef57f7}.Debug|Any CPU.Build.0 = Debug|Any CPU
	EndGlobalSection
	GlobalSection(SolutionProperties) = preSolution
		HideSolutionNode = FALSE
	EndGlobalSection
EndGlobal
